
Microsoft Visual Studio Solution File, Format Version 12.00
# Visual Studio 15
VisualStudioVersion = 15.0.28307.1259
MinimumVisualStudioVersion = 10.0.40219.1
Project("{FAE04EC0-301F-11D3-BF4B-00C04F79EFBC}") = "ServerCodeMtk-P3-20180140105", "ServerCodeMtk-P3-20180140105\ServerCodeMtk-P3-20180140105.csproj", "{6E2FE6DD-69B8-4DC6-A33C-C41258559077}"
EndProject
Global
	GlobalSection(SolutionConfigurationPlatforms) = preSolution
		Debug|Any CPU = Debug|Any CPU
		Release|Any CPU = Release|Any CPU
	EndGlobalSection
	GlobalSection(ProjectConfigurationPlatforms) = postSolution
		{6E2FE6DD-69B8-4DC6-A33C-C41258559077}.Debug|Any CPU.ActiveCfg = Debug|Any CPU
		{6E2FE6DD-69B8-4DC6-A33C-C41258559077}.Debug|Any CPU.Build.0 = Debug|Any CPU
		{6E2FE6DD-69B8-4DC6-A33C-C41258559077}.Release|Any CPU.ActiveCfg = Release|Any CPU
		{6E2FE6DD-69B8-4DC6-A33C-C41258559077}.Release|Any CPU.Build.0 = Release|Any CPU
	EndGlobalSection
	GlobalSection(SolutionProperties) = preSolution
		HideSolutionNode = FALSE
	EndGlobalSection
	GlobalSection(ExtensibilityGlobals) = postSolution
		SolutionGuid = {B404C9A9-8A36-43D9-9B21-EABCAE12982A}
	EndGlobalSection
EndGlobal
